
Microsoft Visual Studio Solution File, Format Version 12.00
# Visual Studio Version 17
VisualStudioVersion = 17.0.31903.59
MinimumVisualStudioVersion = 10.0.40219.1
Project("{2150E333-8FDC-42A3-9474-1A3956D46DE8}") = "src", "src", "{D9DD623A-C35A-4D28-A811-5A0718AE7238}"
EndProject
Project("{FAE04EC0-301F-11D3-BF4B-00C04F79EFBC}") = "MusicStream.API", "src\MusicStream.API\MusicStream.API.csproj", "{910EC09D-53A1-4CC5-BE8D-89E8755BD081}"
EndProject
Project("{FAE04EC0-301F-11D3-BF4B-00C04F79EFBC}") = "MusicStream.Application", "src\MusicStream.Application\MusicStream.Application.csproj", "{6C1DEE70-629E-4730-9426-65497CC1BCD1}"
EndProject
Project("{FAE04EC0-301F-11D3-BF4B-00C04F79EFBC}") = "MusicStream.Infrastructure", "src\MusicStream.Infrastructure\MusicStream.Infrastructure.csproj", "{186D1F28-FFA9-45B5-8EA9-0339F0831924}"
EndProject
Project("{FAE04EC0-301F-11D3-BF4B-00C04F79EFBC}") = "MusicStream.Domain", "src\MusicStream.Domain\MusicStream.Domain.csproj", "{CA72F4C3-AA86-41EB-BFBE-CB3B8B32534B}"
EndProject
Project("{2150E333-8FDC-42A3-9474-1A3956D46DE8}") = "tests", "tests", "{306C2005-9DF8-421B-A3FC-A934EB0CD284}"
EndProject
Project("{FAE04EC0-301F-11D3-BF4B-00C04F79EFBC}") = "MusicStream.API.Tests", "tests\MusicStream.API.Tests\MusicStream.API.Tests.csproj", "{66B1CB17-BB4E-411F-9CBF-C4B18484D4E1}"
EndProject
Project("{FAE04EC0-301F-11D3-BF4B-00C04F79EFBC}") = "MusicStream.Application.Tests", "tests\MusicStream.Application.Tests\MusicStream.Application.Tests.csproj", "{02966647-0A46-4857-8AC0-8FF8109A9652}"
EndProject
Project("{FAE04EC0-301F-11D3-BF4B-00C04F79EFBC}") = "MusicStream.Infrastructure.Tests", "tests\MusicStream.Infrastructure.Tests\MusicStream.Infrastructure.Tests.csproj", "{7B24C3C7-44C5-4796-A105-56BAACD93ED2}"
EndProject
Project("{FAE04EC0-301F-11D3-BF4B-00C04F79EFBC}") = "MusicStream.Domain.Tests", "tests\MusicStream.Domain.Tests\MusicStream.Domain.Tests.csproj", "{2C5DAE9E-F564-4A1D-8190-EBA8EE3FA745}"
EndProject
Global
	GlobalSection(SolutionConfigurationPlatforms) = preSolution
		Debug|Any CPU = Debug|Any CPU
		Release|Any CPU = Release|Any CPU
	EndGlobalSection
	GlobalSection(SolutionProperties) = preSolution
		HideSolutionNode = FALSE
	EndGlobalSection
	GlobalSection(ProjectConfigurationPlatforms) = postSolution
		{910EC09D-53A1-4CC5-BE8D-89E8755BD081}.Debug|Any CPU.ActiveCfg = Debug|Any CPU
		{910EC09D-53A1-4CC5-BE8D-89E8755BD081}.Debug|Any CPU.Build.0 = Debug|Any CPU
		{910EC09D-53A1-4CC5-BE8D-89E8755BD081}.Release|Any CPU.ActiveCfg = Release|Any CPU
		{910EC09D-53A1-4CC5-BE8D-89E8755BD081}.Release|Any CPU.Build.0 = Release|Any CPU
		{6C1DEE70-629E-4730-9426-65497CC1BCD1}.Debug|Any CPU.ActiveCfg = Debug|Any CPU
		{6C1DEE70-629E-4730-9426-65497CC1BCD1}.Debug|Any CPU.Build.0 = Debug|Any CPU
		{6C1DEE70-629E-4730-9426-65497CC1BCD1}.Release|Any CPU.ActiveCfg = Release|Any CPU
		{6C1DEE70-629E-4730-9426-65497CC1BCD1}.Release|Any CPU.Build.0 = Release|Any CPU
		{186D1F28-FFA9-45B5-8EA9-0339F0831924}.Debug|Any CPU.ActiveCfg = Debug|Any CPU
		{186D1F28-FFA9-45B5-8EA9-0339F0831924}.Debug|Any CPU.Build.0 = Debug|Any CPU
		{186D1F28-FFA9-45B5-8EA9-0339F0831924}.Release|Any CPU.ActiveCfg = Release|Any CPU
		{186D1F28-FFA9-45B5-8EA9-0339F0831924}.Release|Any CPU.Build.0 = Release|Any CPU
		{CA72F4C3-AA86-41EB-BFBE-CB3B8B32534B}.Debug|Any CPU.ActiveCfg = Debug|Any CPU
		{CA72F4C3-AA86-41EB-BFBE-CB3B8B32534B}.Debug|Any CPU.Build.0 = Debug|Any CPU
		{CA72F4C3-AA86-41EB-BFBE-CB3B8B32534B}.Release|Any CPU.ActiveCfg = Release|Any CPU
		{CA72F4C3-AA86-41EB-BFBE-CB3B8B32534B}.Release|Any CPU.Build.0 = Release|Any CPU
		{66B1CB17-BB4E-411F-9CBF-C4B18484D4E1}.Debug|Any CPU.ActiveCfg = Debug|Any CPU
		{66B1CB17-BB4E-411F-9CBF-C4B18484D4E1}.Debug|Any CPU.Build.0 = Debug|Any CPU
		{66B1CB17-BB4E-411F-9CBF-C4B18484D4E1}.Release|Any CPU.ActiveCfg = Release|Any CPU
		{66B1CB17-BB4E-411F-9CBF-C4B18484D4E1}.Release|Any CPU.Build.0 = Release|Any CPU
		{02966647-0A46-4857-8AC0-8FF8109A9652}.Debug|Any CPU.ActiveCfg = Debug|Any CPU
		{02966647-0A46-4857-8AC0-8FF8109A9652}.Debug|Any CPU.Build.0 = Debug|Any CPU
		{02966647-0A46-4857-8AC0-8FF8109A9652}.Release|Any CPU.ActiveCfg = Release|Any CPU
		{02966647-0A46-4857-8AC0-8FF8109A9652}.Release|Any CPU.Build.0 = Release|Any CPU
		{7B24C3C7-44C5-4796-A105-56BAACD93ED2}.Debug|Any CPU.ActiveCfg = Debug|Any CPU
		{7B24C3C7-44C5-4796-A105-56BAACD93ED2}.Debug|Any CPU.Build.0 = Debug|Any CPU
		{7B24C3C7-44C5-4796-A105-56BAACD93ED2}.Release|Any CPU.ActiveCfg = Release|Any CPU
		{7B24C3C7-44C5-4796-A105-56BAACD93ED2}.Release|Any CPU.Build.0 = Release|Any CPU
		{2C5DAE9E-F564-4A1D-8190-EBA8EE3FA745}.Debug|Any CPU.ActiveCfg = Debug|Any CPU
		{2C5DAE9E-F564-4A1D-8190-EBA8EE3FA745}.Debug|Any CPU.Build.0 = Debug|Any CPU
		{2C5DAE9E-F564-4A1D-8190-EBA8EE3FA745}.Release|Any CPU.ActiveCfg = Release|Any CPU
		{2C5DAE9E-F564-4A1D-8190-EBA8EE3FA745}.Release|Any CPU.Build.0 = Release|Any CPU
	EndGlobalSection
	GlobalSection(NestedProjects) = preSolution
		{910EC09D-53A1-4CC5-BE8D-89E8755BD081} = {D9DD623A-C35A-4D28-A811-5A0718AE7238}
		{6C1DEE70-629E-4730-9426-65497CC1BCD1} = {D9DD623A-C35A-4D28-A811-5A0718AE7238}
		{186D1F28-FFA9-45B5-8EA9-0339F0831924} = {D9DD623A-C35A-4D28-A811-5A0718AE7238}
		{CA72F4C3-AA86-41EB-BFBE-CB3B8B32534B} = {D9DD623A-C35A-4D28-A811-5A0718AE7238}
		{66B1CB17-BB4E-411F-9CBF-C4B18484D4E1} = {306C2005-9DF8-421B-A3FC-A934EB0CD284}
		{02966647-0A46-4857-8AC0-8FF8109A9652} = {306C2005-9DF8-421B-A3FC-A934EB0CD284}
		{7B24C3C7-44C5-4796-A105-56BAACD93ED2} = {306C2005-9DF8-421B-A3FC-A934EB0CD284}
		{2C5DAE9E-F564-4A1D-8190-EBA8EE3FA745} = {306C2005-9DF8-421B-A3FC-A934EB0CD284}
	EndGlobalSection
EndGlobal
